uuid: 21b01df5-7966-441e-aa43-6a1997b48b77
langcode: en
status: true
dependencies:
  config:
    - core.entity_view_mode.user.cd_user_block
    - field.field.user.user.field_avatar
    - field.field.user.user.field_first_name
    - field.field.user.user.field_last_name
    - field.field.user.user.field_organisation
  module:
    - user
id: user.user.cd_user_block
targetEntityType: user
bundle: user
mode: cd_user_block
content:
  field_avatar:
    type: entity_reference_entity_view
    weight: 3
    label: hidden
    settings:
      view_mode: file_uri
      link: false
    third_party_settings: {  }
    region: content
  field_first_name:
    weight: 0
    label: hidden
    settings:
      link_to_entity: false
    third_party_settings: {  }
    type: string
    region: content
  field_last_name:
    weight: 1
    label: hidden
    settings:
      link_to_entity: false
    third_party_settings: {  }
    type: string
    region: content
  field_organisation:
    weight: 2
    label: hidden
    settings:
      link: false
    third_party_settings: {  }
    type: entity_reference_label
    region: content
hidden:
  langcode: true
  member_for: true
