uuid: 21b01df5-7966-441e-aa43-6a1997b48b77
langcode: en
status: true
dependencies:
  config:
    - core.entity_view_mode.user.cd_user_block
    - field.field.user.user.field_accept_term_conditions
    - field.field.user.user.field_avatar
    - field.field.user.user.field_category
    - field.field.user.user.field_city
    - field.field.user.user.field_country_manager
    - field.field.user.user.field_country_text
    - field.field.user.user.field_disclose_your_personal_det
    - field.field.user.user.field_first_name
    - field.field.user.user.field_following_countries
    - field.field.user.user.field_following_projects
    - field.field.user.user.field_following_regions
    - field.field.user.user.field_job_title
    - field.field.user.user.field_last_name
    - field.field.user.user.field_last_password_reset
    - field.field.user.user.field_middle_name
    - field.field.user.user.field_mobilephone
    - field.field.user.user.field_non_member_organization
    - field.field.user.user.field_organisation
    - field.field.user.user.field_organisations
    - field.field.user.user.field_password_expiration
    - field.field.user.user.field_person_titles
    - field.field.user.user.field_project_manager
    - field.field.user.user.field_skype_or_other
    - field.field.user.user.field_streetname
    - field.field.user.user.field_telephone
    - field.field.user.user.field_zip_code
  module:
    - user
id: user.user.cd_user_block
targetEntityType: user
bundle: user
mode: cd_user_block
content:
  field_avatar:
    type: entity_reference_entity_view
    weight: 3
    label: hidden
    settings:
      view_mode: file_uri
      link: false
    third_party_settings: {  }
    region: content
  field_first_name:
    weight: 0
    label: hidden
    settings:
      link_to_entity: false
    third_party_settings: {  }
    type: string
    region: content
  field_last_name:
    weight: 1
    label: hidden
    settings:
      link_to_entity: false
    third_party_settings: {  }
    type: string
    region: content
  field_organisation:
    weight: 2
    label: hidden
    settings:
      link: false
    third_party_settings: {  }
    type: entity_reference_label
    region: content
  masquerade:
    weight: 50
    region: content
hidden:
  field_accept_term_conditions: true
  field_category: true
  field_city: true
  field_country_manager: true
  field_country_text: true
  field_disclose_your_personal_det: true
  field_following_countries: true
  field_following_projects: true
  field_following_regions: true
  field_job_title: true
  field_last_password_reset: true
  field_middle_name: true
  field_mobilephone: true
  field_non_member_organization: true
  field_organisations: true
  field_password_expiration: true
  field_person_titles: true
  field_project_manager: true
  field_skype_or_other: true
  field_streetname: true
  field_telephone: true
  field_zip_code: true
  langcode: true
  member_for: true
  realname: true
