uuid: 5737b20a-a5c5-4872-930c-7b4e0fd87aa0
langcode: en
status: true
dependencies:
  config:
    - field.storage.group.field_join_block
    - group.type.region
id: group.region.field_join_block
field_name: field_join_block
entity_type: group
bundle: region
label: 'Join block'
description: ''
required: false
translatable: true
default_value: {  }
default_value_callback: ''
settings:
  handler: views
  handler_settings:
    view:
      view_name: block_reference
      display_name: entity_reference_block
      arguments: {  }
field_type: entity_reference
