uuid: 1ca48aea-97a0-416b-bd63-624bf12e727d
langcode: en
status: true
dependencies:
  config:
    - field.storage.node.field_anonymous_join_block
    - node.type.basic_page
id: node.basic_page.field_anonymous_join_block
field_name: field_anonymous_join_block
entity_type: node
bundle: basic_page
label: 'Anonymous join block'
description: ''
required: false
translatable: true
default_value: {  }
default_value_callback: ''
settings:
  handler: views
  handler_settings:
    view:
      view_name: block_reference
      display_name: entity_reference_block
      arguments: {  }
field_type: entity_reference
