uuid: 4034951b-14e9-4a4e-ac61-04970eacbddf
langcode: en
status: true
dependencies:
  config:
    - field.storage.node.field_join_block
    - node.type.basic_page
id: node.basic_page.field_join_block
field_name: field_join_block
entity_type: node
bundle: basic_page
label: 'Join block'
description: 'Please choose one of the already created blocks'
required: false
translatable: true
default_value: {  }
default_value_callback: ''
settings:
  handler: views
  handler_settings:
    view:
      view_name: block_reference
      display_name: entity_reference_block
      arguments: {  }
field_type: entity_reference
