uuid: 273958b0-3368-4c54-8aa4-74f0f5d56c86
langcode: en
status: true
dependencies:
  config:
    - field.storage.group.field_join_block
    - group.type.product
id: group.product.field_join_block
field_name: field_join_block
entity_type: group
bundle: product
label: 'Join block'
description: ''
required: false
translatable: true
default_value: {  }
default_value_callback: ''
settings:
  handler: views
  handler_settings:
    view:
      view_name: block_reference
      display_name: entity_reference_block
      arguments: {  }
field_type: entity_reference
