uuid: 7702be17-724d-49ef-9b99-25177cd459c6
langcode: en
status: true
dependencies:
  config:
    - field.storage.node.field_join_block
    - node.type.event
id: node.event.field_join_block
field_name: field_join_block
entity_type: node
bundle: event
label: 'Join block'
description: ''
required: false
translatable: true
default_value: {  }
default_value_callback: ''
settings:
  handler: views
  handler_settings:
    view:
      view_name: block_reference
      display_name: entity_reference_block
      arguments: {  }
field_type: entity_reference
