uuid: 1d4fcddd-de89-464b-b468-9d59a5f51038
langcode: en
status: true
dependencies:
  config:
    - field.storage.group.field_join_block
    - group.type.project_protected
id: group.project_protected.field_join_block
field_name: field_join_block
entity_type: group
bundle: project_protected
label: 'Join block'
description: ''
required: false
translatable: true
default_value: {  }
default_value_callback: ''
settings:
  handler: views
  handler_settings:
    view:
      view_name: block_reference
      display_name: entity_reference_block
      arguments: {  }
field_type: entity_reference
