uuid: 2750768f-cc9d-4b0b-b6bc-ee58b92bb2fe
langcode: en
status: true
dependencies:
  config:
    - field.storage.group.field_join_block
    - group.type.region_protected
id: group.region_protected.field_join_block
field_name: field_join_block
entity_type: group
bundle: region_protected
label: 'Join block'
description: ''
required: false
translatable: true
default_value: {  }
default_value_callback: ''
settings:
  handler: views
  handler_settings:
    view:
      view_name: block_reference
      display_name: entity_reference_block
      arguments: {  }
field_type: entity_reference
