uuid: a4046fe9-18dc-4230-9842-71da07a5dc6e
langcode: en
status: true
dependencies:
  config:
    - field.storage.group.field_join_block
    - group.type.country
id: group.country.field_join_block
field_name: field_join_block
entity_type: group
bundle: country
label: 'Join block'
description: ''
required: false
translatable: true
default_value: {  }
default_value_callback: ''
settings:
  handler: views
  handler_settings:
    view:
      view_name: block_reference
      display_name: entity_reference_block
      arguments: {  }
field_type: entity_reference
